
Microsoft Visual Studio Solution File, Format Version 12.00
# Visual Studio Version 17
VisualStudioVersion = 17.9.34728.123
MinimumVisualStudioVersion = 10.0.40219.1
Project("{9A19103F-16F7-4668-BE54-9A1E7A4F7556}") = "Klassenbibliothek", "Klassenbibliothek\Klassenbibliothek.csproj", "{AEB3205A-66EF-4778-8E27-165797D0A594}"
EndProject
Project("{9A19103F-16F7-4668-BE54-9A1E7A4F7556}") = "Konsolenanwendung", "Konsolenanwendung\Konsolenanwendung.csproj", "{1CE7D226-09FD-42A1-9FBC-EFF6CD520A18}"
EndProject
Project("{9A19103F-16F7-4668-BE54-9A1E7A4F7556}") = "Cloudanwendung", "Cloudanwendung\Cloudanwendung.csproj", "{3556B4F8-76F8-47ED-9A89-CDC54108331F}"
EndProject
Project("{9A19103F-16F7-4668-BE54-9A1E7A4F7556}") = "Desktopanwendung", "Desktopanwendung\Desktopanwendung.csproj", "{980D1704-3EB9-467C-B83E-3B425D52EF59}"
EndProject
Project("{9A19103F-16F7-4668-BE54-9A1E7A4F7556}") = "Mobilanwendung", "Mobilanwendung\Mobilanwendung.csproj", "{D3A1B552-939E-4BD9-9B7F-65BBC064F7F6}"
EndProject
Project("{9A19103F-16F7-4668-BE54-9A1E7A4F7556}") = "Testanwendung", "Testanwendung\Testanwendung.csproj", "{8B720C89-5BC1-4A85-A6DE-75C72A6C4152}"
EndProject
Project("{FAE04EC0-301F-11D3-BF4B-00C04F79EFBC}") = "HTTP-Client", "HTTP-Client\HTTP-Client.csproj", "{50DFB55B-EA3C-43B3-8D38-A045B60A2A3D}"
EndProject
Project("{FAE04EC0-301F-11D3-BF4B-00C04F79EFBC}") = "Namensräume", "Namensräume\Namensräume.csproj", "{726A06DB-69F3-4242-A912-DC0DA8D94C16}"
EndProject
Project("{FAE04EC0-301F-11D3-BF4B-00C04F79EFBC}") = "KonsolenanwendungA", "KonsolenanwendungA\KonsolenanwendungA.csproj", "{C1074077-BD85-419B-9252-D44108485BEB}"
EndProject
Project("{FAE04EC0-301F-11D3-BF4B-00C04F79EFBC}") = "KonsolenanwendungB", "KonsolenanwendungB\KonsolenanwendungB.csproj", "{DBE2FA9E-77DB-4E52-83E9-A886C27A1D85}"
EndProject
Project("{FAE04EC0-301F-11D3-BF4B-00C04F79EFBC}") = "KonsolenanwendungC", "KonsolenanwendungC\KonsolenanwendungC.csproj", "{10B9C177-93DD-4A6B-944D-0AC36112B896}"
EndProject
Project("{FAE04EC0-301F-11D3-BF4B-00C04F79EFBC}") = "Entwurfsmuster", "Entwurfsmuster\Entwurfsmuster.csproj", "{28C47F7B-69E0-4F4A-A8ED-07F343EF2C08}"
EndProject
Global
	GlobalSection(SolutionConfigurationPlatforms) = preSolution
		Debug|Any CPU = Debug|Any CPU
		Release|Any CPU = Release|Any CPU
	EndGlobalSection
	GlobalSection(ProjectConfigurationPlatforms) = postSolution
		{AEB3205A-66EF-4778-8E27-165797D0A594}.Debug|Any CPU.ActiveCfg = Debug|Any CPU
		{AEB3205A-66EF-4778-8E27-165797D0A594}.Debug|Any CPU.Build.0 = Debug|Any CPU
		{AEB3205A-66EF-4778-8E27-165797D0A594}.Release|Any CPU.ActiveCfg = Release|Any CPU
		{AEB3205A-66EF-4778-8E27-165797D0A594}.Release|Any CPU.Build.0 = Release|Any CPU
		{1CE7D226-09FD-42A1-9FBC-EFF6CD520A18}.Debug|Any CPU.ActiveCfg = Debug|Any CPU
		{1CE7D226-09FD-42A1-9FBC-EFF6CD520A18}.Debug|Any CPU.Build.0 = Debug|Any CPU
		{1CE7D226-09FD-42A1-9FBC-EFF6CD520A18}.Release|Any CPU.ActiveCfg = Release|Any CPU
		{1CE7D226-09FD-42A1-9FBC-EFF6CD520A18}.Release|Any CPU.Build.0 = Release|Any CPU
		{3556B4F8-76F8-47ED-9A89-CDC54108331F}.Debug|Any CPU.ActiveCfg = Debug|Any CPU
		{3556B4F8-76F8-47ED-9A89-CDC54108331F}.Debug|Any CPU.Build.0 = Debug|Any CPU
		{3556B4F8-76F8-47ED-9A89-CDC54108331F}.Release|Any CPU.ActiveCfg = Release|Any CPU
		{3556B4F8-76F8-47ED-9A89-CDC54108331F}.Release|Any CPU.Build.0 = Release|Any CPU
		{980D1704-3EB9-467C-B83E-3B425D52EF59}.Debug|Any CPU.ActiveCfg = Debug|Any CPU
		{980D1704-3EB9-467C-B83E-3B425D52EF59}.Debug|Any CPU.Build.0 = Debug|Any CPU
		{980D1704-3EB9-467C-B83E-3B425D52EF59}.Release|Any CPU.ActiveCfg = Release|Any CPU
		{980D1704-3EB9-467C-B83E-3B425D52EF59}.Release|Any CPU.Build.0 = Release|Any CPU
		{D3A1B552-939E-4BD9-9B7F-65BBC064F7F6}.Debug|Any CPU.ActiveCfg = Debug|Any CPU
		{D3A1B552-939E-4BD9-9B7F-65BBC064F7F6}.Debug|Any CPU.Build.0 = Debug|Any CPU
		{D3A1B552-939E-4BD9-9B7F-65BBC064F7F6}.Debug|Any CPU.Deploy.0 = Debug|Any CPU
		{D3A1B552-939E-4BD9-9B7F-65BBC064F7F6}.Release|Any CPU.ActiveCfg = Release|Any CPU
		{D3A1B552-939E-4BD9-9B7F-65BBC064F7F6}.Release|Any CPU.Build.0 = Release|Any CPU
		{D3A1B552-939E-4BD9-9B7F-65BBC064F7F6}.Release|Any CPU.Deploy.0 = Release|Any CPU
		{8B720C89-5BC1-4A85-A6DE-75C72A6C4152}.Debug|Any CPU.ActiveCfg = Debug|Any CPU
		{8B720C89-5BC1-4A85-A6DE-75C72A6C4152}.Debug|Any CPU.Build.0 = Debug|Any CPU
		{8B720C89-5BC1-4A85-A6DE-75C72A6C4152}.Release|Any CPU.ActiveCfg = Release|Any CPU
		{8B720C89-5BC1-4A85-A6DE-75C72A6C4152}.Release|Any CPU.Build.0 = Release|Any CPU
		{50DFB55B-EA3C-43B3-8D38-A045B60A2A3D}.Debug|Any CPU.ActiveCfg = Debug|Any CPU
		{50DFB55B-EA3C-43B3-8D38-A045B60A2A3D}.Debug|Any CPU.Build.0 = Debug|Any CPU
		{50DFB55B-EA3C-43B3-8D38-A045B60A2A3D}.Release|Any CPU.ActiveCfg = Release|Any CPU
		{50DFB55B-EA3C-43B3-8D38-A045B60A2A3D}.Release|Any CPU.Build.0 = Release|Any CPU
		{726A06DB-69F3-4242-A912-DC0DA8D94C16}.Debug|Any CPU.ActiveCfg = Debug|Any CPU
		{726A06DB-69F3-4242-A912-DC0DA8D94C16}.Debug|Any CPU.Build.0 = Debug|Any CPU
		{726A06DB-69F3-4242-A912-DC0DA8D94C16}.Release|Any CPU.ActiveCfg = Release|Any CPU
		{726A06DB-69F3-4242-A912-DC0DA8D94C16}.Release|Any CPU.Build.0 = Release|Any CPU
		{C1074077-BD85-419B-9252-D44108485BEB}.Debug|Any CPU.ActiveCfg = Debug|Any CPU
		{C1074077-BD85-419B-9252-D44108485BEB}.Debug|Any CPU.Build.0 = Debug|Any CPU
		{C1074077-BD85-419B-9252-D44108485BEB}.Release|Any CPU.ActiveCfg = Release|Any CPU
		{C1074077-BD85-419B-9252-D44108485BEB}.Release|Any CPU.Build.0 = Release|Any CPU
		{DBE2FA9E-77DB-4E52-83E9-A886C27A1D85}.Debug|Any CPU.ActiveCfg = Debug|Any CPU
		{DBE2FA9E-77DB-4E52-83E9-A886C27A1D85}.Debug|Any CPU.Build.0 = Debug|Any CPU
		{DBE2FA9E-77DB-4E52-83E9-A886C27A1D85}.Release|Any CPU.ActiveCfg = Release|Any CPU
		{DBE2FA9E-77DB-4E52-83E9-A886C27A1D85}.Release|Any CPU.Build.0 = Release|Any CPU
		{10B9C177-93DD-4A6B-944D-0AC36112B896}.Debug|Any CPU.ActiveCfg = Debug|Any CPU
		{10B9C177-93DD-4A6B-944D-0AC36112B896}.Debug|Any CPU.Build.0 = Debug|Any CPU
		{10B9C177-93DD-4A6B-944D-0AC36112B896}.Release|Any CPU.ActiveCfg = Release|Any CPU
		{10B9C177-93DD-4A6B-944D-0AC36112B896}.Release|Any CPU.Build.0 = Release|Any CPU
		{28C47F7B-69E0-4F4A-A8ED-07F343EF2C08}.Debug|Any CPU.ActiveCfg = Debug|Any CPU
		{28C47F7B-69E0-4F4A-A8ED-07F343EF2C08}.Debug|Any CPU.Build.0 = Debug|Any CPU
		{28C47F7B-69E0-4F4A-A8ED-07F343EF2C08}.Release|Any CPU.ActiveCfg = Release|Any CPU
		{28C47F7B-69E0-4F4A-A8ED-07F343EF2C08}.Release|Any CPU.Build.0 = Release|Any CPU
	EndGlobalSection
	GlobalSection(SolutionProperties) = preSolution
		HideSolutionNode = FALSE
	EndGlobalSection
	GlobalSection(ExtensibilityGlobals) = postSolution
		SolutionGuid = {748E4715-5BB3-4C5B-A744-82968AB8ED46}
	EndGlobalSection
EndGlobal
